
Microsoft Visual Studio Solution File, Format Version 12.00
# Visual Studio Version 17
VisualStudioVersion = 17.12.35521.163 d17.12
MinimumVisualStudioVersion = 10.0.40219.1
Project("{FAE04EC0-301F-11D3-BF4B-00C04F79EFBC}") = "Crud Operation Task API", "Crud Operation Task API\Crud Operation Task API.csproj", "{592DA44D-2DD7-4622-AF78-876A3261BE39}"
EndProject
Project("{FAE04EC0-301F-11D3-BF4B-00C04F79EFBC}") = "Crud Operation Task.Core", "Crud Operation Task.Core\Crud Operation Task.Core.csproj", "{D79B42AF-5D27-4B39-BEAF-8B5D7865F622}"
EndProject
Project("{FAE04EC0-301F-11D3-BF4B-00C04F79EFBC}") = "Crud Operation Task.Repository", "Crud Operation Task.Repository\Crud Operation Task.Repository.csproj", "{EB863E2B-12BC-4934-9C2B-736D94C9902F}"
EndProject
Project("{FAE04EC0-301F-11D3-BF4B-00C04F79EFBC}") = "Crud Operation Task.Services", "Crud Operation Task.Services\Crud Operation Task.Services.csproj", "{B9B1EB00-0445-4D2A-A6A4-33803F7546E6}"
EndProject
Global
	GlobalSection(SolutionConfigurationPlatforms) = preSolution
		Debug|Any CPU = Debug|Any CPU
		Release|Any CPU = Release|Any CPU
	EndGlobalSection
	GlobalSection(ProjectConfigurationPlatforms) = postSolution
		{592DA44D-2DD7-4622-AF78-876A3261BE39}.Debug|Any CPU.ActiveCfg = Debug|Any CPU
		{592DA44D-2DD7-4622-AF78-876A3261BE39}.Debug|Any CPU.Build.0 = Debug|Any CPU
		{592DA44D-2DD7-4622-AF78-876A3261BE39}.Release|Any CPU.ActiveCfg = Release|Any CPU
		{592DA44D-2DD7-4622-AF78-876A3261BE39}.Release|Any CPU.Build.0 = Release|Any CPU
		{D79B42AF-5D27-4B39-BEAF-8B5D7865F622}.Debug|Any CPU.ActiveCfg = Debug|Any CPU
		{D79B42AF-5D27-4B39-BEAF-8B5D7865F622}.Debug|Any CPU.Build.0 = Debug|Any CPU
		{D79B42AF-5D27-4B39-BEAF-8B5D7865F622}.Release|Any CPU.ActiveCfg = Release|Any CPU
		{D79B42AF-5D27-4B39-BEAF-8B5D7865F622}.Release|Any CPU.Build.0 = Release|Any CPU
		{EB863E2B-12BC-4934-9C2B-736D94C9902F}.Debug|Any CPU.ActiveCfg = Debug|Any CPU
		{EB863E2B-12BC-4934-9C2B-736D94C9902F}.Debug|Any CPU.Build.0 = Debug|Any CPU
		{EB863E2B-12BC-4934-9C2B-736D94C9902F}.Release|Any CPU.ActiveCfg = Release|Any CPU
		{EB863E2B-12BC-4934-9C2B-736D94C9902F}.Release|Any CPU.Build.0 = Release|Any CPU
		{B9B1EB00-0445-4D2A-A6A4-33803F7546E6}.Debug|Any CPU.ActiveCfg = Debug|Any CPU
		{B9B1EB00-0445-4D2A-A6A4-33803F7546E6}.Debug|Any CPU.Build.0 = Debug|Any CPU
		{B9B1EB00-0445-4D2A-A6A4-33803F7546E6}.Release|Any CPU.ActiveCfg = Release|Any CPU
		{B9B1EB00-0445-4D2A-A6A4-33803F7546E6}.Release|Any CPU.Build.0 = Release|Any CPU
	EndGlobalSection
	GlobalSection(SolutionProperties) = preSolution
		HideSolutionNode = FALSE
	EndGlobalSection
EndGlobal
